
Microsoft Visual Studio Solution File, Format Version 12.00
# Visual Studio Version 17
VisualStudioVersion = 17.0.31903.59
MinimumVisualStudioVersion = 10.0.40219.1
Project("{FAE04EC0-301F-11D3-BF4B-00C04F79EFBC}") = "MotoProject", "MotoProject\MotoProject.csproj", "{C73AC5BC-EF0D-41AF-8FDA-31D3B2DDF1C3}"
EndProject
Global
	GlobalSection(SolutionConfigurationPlatforms) = preSolution
		Debug|Any CPU = Debug|Any CPU
		Release|Any CPU = Release|Any CPU
	EndGlobalSection
	GlobalSection(ProjectConfigurationPlatforms) = postSolution
		{C73AC5BC-EF0D-41AF-8FDA-31D3B2DDF1C3}.Debug|Any CPU.ActiveCfg = Debug|Any CPU
		{C73AC5BC-EF0D-41AF-8FDA-31D3B2DDF1C3}.Debug|Any CPU.Build.0 = Debug|Any CPU
		{C73AC5BC-EF0D-41AF-8FDA-31D3B2DDF1C3}.Release|Any CPU.ActiveCfg = Release|Any CPU
		{C73AC5BC-EF0D-41AF-8FDA-31D3B2DDF1C3}.Release|Any CPU.Build.0 = Release|Any CPU
	EndGlobalSection
	GlobalSection(SolutionProperties) = preSolution
		HideSolutionNode = FALSE
	EndGlobalSection
	GlobalSection(ExtensibilityGlobals) = postSolution
		SolutionGuid = {52C49B9E-3EA4-4E0E-BCDD-22BE7ABB98CF}
	EndGlobalSection
EndGlobal
